
Microsoft Visual Studio Solution File, Format Version 12.00
# Visual Studio Version 17
Project("{8BC9CEB8-8B4A-11D0-8D11-00A0C91BC942}") = "ALL_BUILD", "ALL_BUILD.vcxproj", "{BF37AE07-5A73-3297-83F4-727C9CC195E4}"
	ProjectSection(ProjectDependencies) = postProject
		{BB9CDB74-022F-3483-A6F8-9E8C48DC2AC9} = {BB9CDB74-022F-3483-A6F8-9E8C48DC2AC9}
		{FA8E773B-FAFF-37E0-B69E-DB8E3541443D} = {FA8E773B-FAFF-37E0-B69E-DB8E3541443D}
		{3A2F4A8A-F8C5-3703-B199-A4085BD51BAC} = {3A2F4A8A-F8C5-3703-B199-A4085BD51BAC}
	EndProjectSection
EndProject
Project("{8BC9CEB8-8B4A-11D0-8D11-00A0C91BC942}") = "INSTALL", "INSTALL.vcxproj", "{A32B648E-3382-3505-87AA-D187078BDD28}"
	ProjectSection(ProjectDependencies) = postProject
		{BF37AE07-5A73-3297-83F4-727C9CC195E4} = {BF37AE07-5A73-3297-83F4-727C9CC195E4}
		{BB9CDB74-022F-3483-A6F8-9E8C48DC2AC9} = {BB9CDB74-022F-3483-A6F8-9E8C48DC2AC9}
	EndProjectSection
EndProject
Project("{8BC9CEB8-8B4A-11D0-8D11-00A0C91BC942}") = "PACKAGE", "PACKAGE.vcxproj", "{5205EFA5-CDFD-3399-BCFD-79CEE39E1C75}"
	ProjectSection(ProjectDependencies) = postProject
		{BF37AE07-5A73-3297-83F4-727C9CC195E4} = {BF37AE07-5A73-3297-83F4-727C9CC195E4}
		{BB9CDB74-022F-3483-A6F8-9E8C48DC2AC9} = {BB9CDB74-022F-3483-A6F8-9E8C48DC2AC9}
	EndProjectSection
EndProject
Project("{8BC9CEB8-8B4A-11D0-8D11-00A0C91BC942}") = "RUN_TESTS", "RUN_TESTS.vcxproj", "{D09FCCE7-3588-3303-B2F8-4E344A528A02}"
	ProjectSection(ProjectDependencies) = postProject
		{BB9CDB74-022F-3483-A6F8-9E8C48DC2AC9} = {BB9CDB74-022F-3483-A6F8-9E8C48DC2AC9}
	EndProjectSection
EndProject
Project("{8BC9CEB8-8B4A-11D0-8D11-00A0C91BC942}") = "ZERO_CHECK", "ZERO_CHECK.vcxproj", "{BB9CDB74-022F-3483-A6F8-9E8C48DC2AC9}"
	ProjectSection(ProjectDependencies) = postProject
	EndProjectSection
EndProject
Project("{8BC9CEB8-8B4A-11D0-8D11-00A0C91BC942}") = "hiredis", "hiredis.vcxproj", "{FA8E773B-FAFF-37E0-B69E-DB8E3541443D}"
	ProjectSection(ProjectDependencies) = postProject
		{BB9CDB74-022F-3483-A6F8-9E8C48DC2AC9} = {BB9CDB74-022F-3483-A6F8-9E8C48DC2AC9}
	EndProjectSection
EndProject
Project("{8BC9CEB8-8B4A-11D0-8D11-00A0C91BC942}") = "hiredis-test", "hiredis-test.vcxproj", "{3A2F4A8A-F8C5-3703-B199-A4085BD51BAC}"
	ProjectSection(ProjectDependencies) = postProject
		{BB9CDB74-022F-3483-A6F8-9E8C48DC2AC9} = {BB9CDB74-022F-3483-A6F8-9E8C48DC2AC9}
		{FA8E773B-FAFF-37E0-B69E-DB8E3541443D} = {FA8E773B-FAFF-37E0-B69E-DB8E3541443D}
	EndProjectSection
EndProject
Global
	GlobalSection(SolutionConfigurationPlatforms) = preSolution
		Debug|x64 = Debug|x64
		Release|x64 = Release|x64
		MinSizeRel|x64 = MinSizeRel|x64
		RelWithDebInfo|x64 = RelWithDebInfo|x64
	EndGlobalSection
	GlobalSection(ProjectConfigurationPlatforms) = postSolution
		{BF37AE07-5A73-3297-83F4-727C9CC195E4}.Debug|x64.ActiveCfg = Debug|x64
		{BF37AE07-5A73-3297-83F4-727C9CC195E4}.Debug|x64.Build.0 = Debug|x64
		{BF37AE07-5A73-3297-83F4-727C9CC195E4}.Release|x64.ActiveCfg = Release|x64
		{BF37AE07-5A73-3297-83F4-727C9CC195E4}.Release|x64.Build.0 = Release|x64
		{BF37AE07-5A73-3297-83F4-727C9CC195E4}.MinSizeRel|x64.ActiveCfg = MinSizeRel|x64
		{BF37AE07-5A73-3297-83F4-727C9CC195E4}.MinSizeRel|x64.Build.0 = MinSizeRel|x64
		{BF37AE07-5A73-3297-83F4-727C9CC195E4}.RelWithDebInfo|x64.ActiveCfg = RelWithDebInfo|x64
		{BF37AE07-5A73-3297-83F4-727C9CC195E4}.RelWithDebInfo|x64.Build.0 = RelWithDebInfo|x64
		{A32B648E-3382-3505-87AA-D187078BDD28}.Debug|x64.ActiveCfg = Debug|x64
		{A32B648E-3382-3505-87AA-D187078BDD28}.Release|x64.ActiveCfg = Release|x64
		{A32B648E-3382-3505-87AA-D187078BDD28}.MinSizeRel|x64.ActiveCfg = MinSizeRel|x64
		{A32B648E-3382-3505-87AA-D187078BDD28}.RelWithDebInfo|x64.ActiveCfg = RelWithDebInfo|x64
		{5205EFA5-CDFD-3399-BCFD-79CEE39E1C75}.Debug|x64.ActiveCfg = Debug|x64
		{5205EFA5-CDFD-3399-BCFD-79CEE39E1C75}.Release|x64.ActiveCfg = Release|x64
		{5205EFA5-CDFD-3399-BCFD-79CEE39E1C75}.MinSizeRel|x64.ActiveCfg = MinSizeRel|x64
		{5205EFA5-CDFD-3399-BCFD-79CEE39E1C75}.RelWithDebInfo|x64.ActiveCfg = RelWithDebInfo|x64
		{D09FCCE7-3588-3303-B2F8-4E344A528A02}.Debug|x64.ActiveCfg = Debug|x64
		{D09FCCE7-3588-3303-B2F8-4E344A528A02}.Release|x64.ActiveCfg = Release|x64
		{D09FCCE7-3588-3303-B2F8-4E344A528A02}.MinSizeRel|x64.ActiveCfg = MinSizeRel|x64
		{D09FCCE7-3588-3303-B2F8-4E344A528A02}.RelWithDebInfo|x64.ActiveCfg = RelWithDebInfo|x64
		{BB9CDB74-022F-3483-A6F8-9E8C48DC2AC9}.Debug|x64.ActiveCfg = Debug|x64
		{BB9CDB74-022F-3483-A6F8-9E8C48DC2AC9}.Debug|x64.Build.0 = Debug|x64
		{BB9CDB74-022F-3483-A6F8-9E8C48DC2AC9}.Release|x64.ActiveCfg = Release|x64
		{BB9CDB74-022F-3483-A6F8-9E8C48DC2AC9}.Release|x64.Build.0 = Release|x64
		{BB9CDB74-022F-3483-A6F8-9E8C48DC2AC9}.MinSizeRel|x64.ActiveCfg = MinSizeRel|x64
		{BB9CDB74-022F-3483-A6F8-9E8C48DC2AC9}.MinSizeRel|x64.Build.0 = MinSizeRel|x64
		{BB9CDB74-022F-3483-A6F8-9E8C48DC2AC9}.RelWithDebInfo|x64.ActiveCfg = RelWithDebInfo|x64
		{BB9CDB74-022F-3483-A6F8-9E8C48DC2AC9}.RelWithDebInfo|x64.Build.0 = RelWithDebInfo|x64
		{FA8E773B-FAFF-37E0-B69E-DB8E3541443D}.Debug|x64.ActiveCfg = Debug|x64
		{FA8E773B-FAFF-37E0-B69E-DB8E3541443D}.Debug|x64.Build.0 = Debug|x64
		{FA8E773B-FAFF-37E0-B69E-DB8E3541443D}.Release|x64.ActiveCfg = Release|x64
		{FA8E773B-FAFF-37E0-B69E-DB8E3541443D}.Release|x64.Build.0 = Release|x64
		{FA8E773B-FAFF-37E0-B69E-DB8E3541443D}.MinSizeRel|x64.ActiveCfg = MinSizeRel|x64
		{FA8E773B-FAFF-37E0-B69E-DB8E3541443D}.MinSizeRel|x64.Build.0 = MinSizeRel|x64
		{FA8E773B-FAFF-37E0-B69E-DB8E3541443D}.RelWithDebInfo|x64.ActiveCfg = RelWithDebInfo|x64
		{FA8E773B-FAFF-37E0-B69E-DB8E3541443D}.RelWithDebInfo|x64.Build.0 = RelWithDebInfo|x64
		{3A2F4A8A-F8C5-3703-B199-A4085BD51BAC}.Debug|x64.ActiveCfg = Debug|x64
		{3A2F4A8A-F8C5-3703-B199-A4085BD51BAC}.Debug|x64.Build.0 = Debug|x64
		{3A2F4A8A-F8C5-3703-B199-A4085BD51BAC}.Release|x64.ActiveCfg = Release|x64
		{3A2F4A8A-F8C5-3703-B199-A4085BD51BAC}.Release|x64.Build.0 = Release|x64
		{3A2F4A8A-F8C5-3703-B199-A4085BD51BAC}.MinSizeRel|x64.ActiveCfg = MinSizeRel|x64
		{3A2F4A8A-F8C5-3703-B199-A4085BD51BAC}.MinSizeRel|x64.Build.0 = MinSizeRel|x64
		{3A2F4A8A-F8C5-3703-B199-A4085BD51BAC}.RelWithDebInfo|x64.ActiveCfg = RelWithDebInfo|x64
		{3A2F4A8A-F8C5-3703-B199-A4085BD51BAC}.RelWithDebInfo|x64.Build.0 = RelWithDebInfo|x64
	EndGlobalSection
	GlobalSection(ExtensibilityGlobals) = postSolution
		SolutionGuid = {8A8658EE-60DB-3F40-815B-E35477F488D7}
	EndGlobalSection
	GlobalSection(ExtensibilityAddIns) = postSolution
	EndGlobalSection
EndGlobal
