<?xml version="1.0" encoding="utf-8"?>
<Project ToolsVersion="4.0" xmlns="http://schemas.microsoft.com/developer/msbuild/2003">
  <ItemGroup>
    <Filter Include="NetCore">
      <UniqueIdentifier>{67DA6AB6-F800-4c08-8B7A-83BB121AAD01}</UniqueIdentifier>
      <Extensions>rc;ico;cur;bmp;dlg;rc2;rct;bin;rgs;gif;jpg;jpeg;jpe;resx;tiff;tif;png;wav;mfcribbon-ms</Extensions>
    </Filter>
    <Filter Include="main">
      <UniqueIdentifier>{44a3adf4-aff3-40d7-b01f-ef7a2a661e89}</UniqueIdentifier>
    </Filter>
    <Filter Include="Packet">
      <UniqueIdentifier>{bb0b4d4a-6a92-4912-9dfb-7e7379af0625}</UniqueIdentifier>
    </Filter>
    <Filter Include="Service">
      <UniqueIdentifier>{fb78e6fc-413b-496d-b072-aa56a9345120}</UniqueIdentifier>
    </Filter>
    <Filter Include="User">
      <UniqueIdentifier>{280de97a-11bb-435d-8acd-d6067337bc2c}</UniqueIdentifier>
    </Filter>
    <Filter Include="Room">
      <UniqueIdentifier>{0671f9de-fd43-41a2-b8e8-40928da99678}</UniqueIdentifier>
    </Filter>
    <Filter Include="Redis">
      <UniqueIdentifier>{c8c991b7-eaf3-46c5-ac11-7fec0f2d6218}</UniqueIdentifier>
    </Filter>
  </ItemGroup>
  <ItemGroup>
    <ClCompile Include="IocpNetworkCore.cpp">
      <Filter>NetCore</Filter>
    </ClCompile>
    <ClCompile Include="main.cpp">
      <Filter>main</Filter>
    </ClCompile>
    <ClCompile Include="User.cpp">
      <Filter>User</Filter>
    </ClCompile>
    <ClCompile Include="UserManager.cpp">
      <Filter>User</Filter>
    </ClCompile>
    <ClCompile Include="Service.cpp">
      <Filter>Service</Filter>
    </ClCompile>
    <ClCompile Include="Room.cpp">
      <Filter>Room</Filter>
    </ClCompile>
    <ClCompile Include="RoomManager.cpp">
      <Filter>Room</Filter>
    </ClCompile>
    <ClCompile Include="GameUserInfo.cpp">
      <Filter>Redis</Filter>
    </ClCompile>
    <ClCompile Include="RedisMatching.cpp">
      <Filter>Redis</Filter>
    </ClCompile>
  </ItemGroup>
  <ItemGroup>
    <ClInclude Include="IocpNetworkCore.h">
      <Filter>NetCore</Filter>
    </ClInclude>
    <ClInclude Include="ClientInfo.h">
      <Filter>NetCore</Filter>
    </ClInclude>
    <ClInclude Include="Service.hpp">
      <Filter>Service</Filter>
    </ClInclude>
    <ClInclude Include="PacketsDefine.hpp">
      <Filter>Packet</Filter>
    </ClInclude>
    <ClInclude Include="ErrorCode.hpp">
      <Filter>Packet</Filter>
    </ClInclude>
    <ClInclude Include="UserManager.hpp">
      <Filter>User</Filter>
    </ClInclude>
    <ClInclude Include="User.hpp">
      <Filter>User</Filter>
    </ClInclude>
    <ClInclude Include="Room.h">
      <Filter>Room</Filter>
    </ClInclude>
    <ClInclude Include="RoomManager.h">
      <Filter>Room</Filter>
    </ClInclude>
    <ClInclude Include="GameUserInfo.h">
      <Filter>Redis</Filter>
    </ClInclude>
    <ClInclude Include="RedisMatching.hpp">
      <Filter>Redis</Filter>
    </ClInclude>
  </ItemGroup>
</Project>