<?xml version="1.0" encoding="utf-8"?>
<Project ToolsVersion="4.0" xmlns="http://schemas.microsoft.com/developer/msbuild/2003">
  <ItemGroup>
    <Filter Include="main">
      <UniqueIdentifier>{d9d1cd24-dd2a-404e-abb8-708be2fc26dc}</UniqueIdentifier>
    </Filter>
    <Filter Include="Game">
      <UniqueIdentifier>{a2ca4f73-013c-48b3-9af9-1cebc87fb3e7}</UniqueIdentifier>
    </Filter>
    <Filter Include="Logger">
      <UniqueIdentifier>{96bb902e-48b8-486f-8994-47b49d08d3c2}</UniqueIdentifier>
    </Filter>
    <Filter Include="Redis">
      <UniqueIdentifier>{cd412eb1-ecc6-4b57-ab06-eebd95bbdd4a}</UniqueIdentifier>
    </Filter>
    <Filter Include="NetCore">
      <UniqueIdentifier>{042aed42-464b-4bfc-926c-b2a07472ad79}</UniqueIdentifier>
    </Filter>
  </ItemGroup>
  <ItemGroup>
    <ClCompile Include="main.cpp">
      <Filter>main</Filter>
    </ClCompile>
    <ClCompile Include="GameManager.cpp">
      <Filter>Game</Filter>
    </ClCompile>
    <ClCompile Include="Game.cpp">
      <Filter>Game</Filter>
    </ClCompile>
    <ClCompile Include="..\PongServer\Logger.cpp">
      <Filter>Logger</Filter>
    </ClCompile>
    <ClCompile Include="..\PongServer\AsyncRedis.cpp">
      <Filter>Redis</Filter>
    </ClCompile>
    <ClCompile Include="..\pongServer\IocpNetworkCore.cpp">
      <Filter>NetCore</Filter>
    </ClCompile>
    <ClCompile Include="..\pongServer\ClientInfo.cpp">
      <Filter>NetCore</Filter>
    </ClCompile>
  </ItemGroup>
  <ItemGroup>
    <ClInclude Include="GameManager.h">
      <Filter>Game</Filter>
    </ClInclude>
    <ClInclude Include="Game.h">
      <Filter>Game</Filter>
    </ClInclude>
    <ClInclude Include="..\PongServer\Logger.h">
      <Filter>Logger</Filter>
    </ClInclude>
    <ClInclude Include="..\PongServer\AsyncRedis.hpp">
      <Filter>Redis</Filter>
    </ClInclude>
    <ClInclude Include="..\pongServer\IocpNetworkCore.h">
      <Filter>NetCore</Filter>
    </ClInclude>
    <ClInclude Include="..\pongServer\ClientInfo.h">
      <Filter>NetCore</Filter>
    </ClInclude>
  </ItemGroup>
</Project>